
Microsoft Visual Studio Solution File, Format Version 12.00
# Visual Studio Version 17
VisualStudioVersion = 17.0.31903.59
MinimumVisualStudioVersion = 10.0.40219.1
Project("{2150E333-8FDC-42A3-9474-1A3956D46DE8}") = "src", "src", "{DC7C3D10-CD14-4FB6-A510-7BD702BFFD1E}"
EndProject
Project("{FAE04EC0-301F-11D3-BF4B-00C04F79EFBC}") = "Napkin.Core.Geometry", "src\Napkin.Core.Geometry\Napkin.Core.Geometry.csproj", "{178A5C2E-9CE7-4C15-801E-C79E8B3FA2AC}"
EndProject
Project("{FAE04EC0-301F-11D3-BF4B-00C04F79EFBC}") = "Napkin.Core.RulesEngine", "src\Napkin.Core.RulesEngine\Napkin.Core.RulesEngine.csproj", "{D4DB1638-BC13-4B4A-A8A3-BAAE2E4F9FD6}"
EndProject
Project("{FAE04EC0-301F-11D3-BF4B-00C04F79EFBC}") = "Napkin.Core.Project", "src\Napkin.Core.Project\Napkin.Core.Project.csproj", "{98B68662-202A-4D0B-B52E-D48B6F3E187D}"
EndProject
Project("{FAE04EC0-301F-11D3-BF4B-00C04F79EFBC}") = "Napkin.Modules.Furniture", "src\Napkin.Modules.Furniture\Napkin.Modules.Furniture.csproj", "{7D9F4A4C-590D-413C-A6ED-314D01BB60D4}"
EndProject
Project("{FAE04EC0-301F-11D3-BF4B-00C04F79EFBC}") = "Napkin.Modules.Building", "src\Napkin.Modules.Building\Napkin.Modules.Building.csproj", "{8D425D1B-4A9C-40F2-870C-F81C5F42B003}"
EndProject
Project("{FAE04EC0-301F-11D3-BF4B-00C04F79EFBC}") = "Napkin.Interop.Dxf", "src\Napkin.Interop.Dxf\Napkin.Interop.Dxf.csproj", "{C7F04884-E1A6-46FF-B3AA-4E855D2E8DEC}"
EndProject
Project("{FAE04EC0-301F-11D3-BF4B-00C04F79EFBC}") = "Napkin.Interop.SketchUp", "src\Napkin.Interop.SketchUp\Napkin.Interop.SketchUp.csproj", "{55A6B2DF-27FC-46CC-B5CA-7F99A37B49B0}"
EndProject
Project("{FAE04EC0-301F-11D3-BF4B-00C04F79EFBC}") = "Napkin.Interop.Pdf", "src\Napkin.Interop.Pdf\Napkin.Interop.Pdf.csproj", "{1AEA46A5-1265-4837-B764-4D1C1C472490}"
EndProject
Project("{2150E333-8FDC-42A3-9474-1A3956D46DE8}") = "tests", "tests", "{34139B51-CB65-4768-91E6-8FBF5E3C4BDB}"
EndProject
Project("{FAE04EC0-301F-11D3-BF4B-00C04F79EFBC}") = "Napkin.Core.RulesEngine.Tests", "tests\Napkin.Core.RulesEngine.Tests\Napkin.Core.RulesEngine.Tests.csproj", "{AF6CB82E-4810-49B8-ACB7-1E8EC906A808}"
EndProject
Project("{FAE04EC0-301F-11D3-BF4B-00C04F79EFBC}") = "Napkin.Core.Geometry.Tests", "tests\Napkin.Core.Geometry.Tests\Napkin.Core.Geometry.Tests.csproj", "{E80624B3-3C93-4C67-A76A-BAA8A5D39669}"
EndProject
Project("{FAE04EC0-301F-11D3-BF4B-00C04F79EFBC}") = "Napkin.App", "src\Napkin.App\Napkin.App.csproj", "{5B376009-C5C5-4D84-9FB1-042BFB1168D3}"
EndProject
Project("{2150E333-8FDC-42A3-9474-1A3956D46DE8}") = "tools", "tools", "{07C2787E-EAC7-C090-1BA3-A61EC2A24D84}"
EndProject
Project("{FAE04EC0-301F-11D3-BF4B-00C04F79EFBC}") = "Napkin.Tools", "tools\Napkin.Tools\Napkin.Tools.csproj", "{8608CE27-3A66-41F9-8E61-B6C155FE5FE9}"
EndProject
Project("{FAE04EC0-301F-11D3-BF4B-00C04F79EFBC}") = "Napkin.Tools.Tests", "tests\Napkin.Tools.Tests\Napkin.Tools.Tests.csproj", "{6E2FD234-7909-4F08-AFD6-E05D9AB1B0B0}"
EndProject
Project("{FAE04EC0-301F-11D3-BF4B-00C04F79EFBC}") = "Napkin.Features.Tests", "tests\Napkin.Features.Tests\Napkin.Features.Tests.csproj", "{B1099DBE-823A-4A75-A527-6F56208D800F}"
EndProject
Project("{FAE04EC0-301F-11D3-BF4B-00C04F79EFBC}") = "Napkin.App.GuiTests", "tests\Napkin.App.GuiTests\Napkin.App.GuiTests.csproj", "{00B94719-2B7E-4AE7-99E2-D50453FCABAA}"
EndProject
Project("{FAE04EC0-301F-11D3-BF4B-00C04F79EFBC}") = "Napkin.Core.Project.Tests", "tests\Napkin.Core.Project.Tests\Napkin.Core.Project.Tests.csproj", "{C2D56480-AB4A-4A70-814A-5C9920221648}"
EndProject
Project("{FAE04EC0-301F-11D3-BF4B-00C04F79EFBC}") = "Napkin.Core.Materials", "src\Napkin.Core.Materials\Napkin.Core.Materials.csproj", "{92F25FBF-0BB6-482D-80C2-02FEEC857F3C}"
EndProject
Project("{FAE04EC0-301F-11D3-BF4B-00C04F79EFBC}") = "Napkin.Core.Materials.Tests", "tests\Napkin.Core.Materials.Tests\Napkin.Core.Materials.Tests.csproj", "{A3A03C3B-E0C8-4AF1-A796-DBA777980531}"
EndProject
Project("{FAE04EC0-301F-11D3-BF4B-00C04F79EFBC}") = "Napkin.Modules.Furniture.Tests", "tests\Napkin.Modules.Furniture.Tests\Napkin.Modules.Furniture.Tests.csproj", "{BBF6DF1B-84B5-4F0E-BFB4-3B62A7F5987E}"
EndProject
Project("{FAE04EC0-301F-11D3-BF4B-00C04F79EFBC}") = "Napkin.Demo", "tools\Napkin.Demo\Napkin.Demo.csproj", "{06E7E047-0F28-4ACC-98C8-0D02F4237EF3}"
EndProject
Global
	GlobalSection(SolutionConfigurationPlatforms) = preSolution
		Debug|Any CPU = Debug|Any CPU
		Debug|x64 = Debug|x64
		Debug|x86 = Debug|x86
		Release|Any CPU = Release|Any CPU
		Release|x64 = Release|x64
		Release|x86 = Release|x86
	EndGlobalSection
	GlobalSection(ProjectConfigurationPlatforms) = postSolution
		{178A5C2E-9CE7-4C15-801E-C79E8B3FA2AC}.Debug|Any CPU.ActiveCfg = Debug|Any CPU
		{178A5C2E-9CE7-4C15-801E-C79E8B3FA2AC}.Debug|Any CPU.Build.0 = Debug|Any CPU
		{178A5C2E-9CE7-4C15-801E-C79E8B3FA2AC}.Debug|x64.ActiveCfg = Debug|Any CPU
		{178A5C2E-9CE7-4C15-801E-C79E8B3FA2AC}.Debug|x64.Build.0 = Debug|Any CPU
		{178A5C2E-9CE7-4C15-801E-C79E8B3FA2AC}.Debug|x86.ActiveCfg = Debug|Any CPU
		{178A5C2E-9CE7-4C15-801E-C79E8B3FA2AC}.Debug|x86.Build.0 = Debug|Any CPU
		{178A5C2E-9CE7-4C15-801E-C79E8B3FA2AC}.Release|Any CPU.ActiveCfg = Release|Any CPU
		{178A5C2E-9CE7-4C15-801E-C79E8B3FA2AC}.Release|Any CPU.Build.0 = Release|Any CPU
		{178A5C2E-9CE7-4C15-801E-C79E8B3FA2AC}.Release|x64.ActiveCfg = Release|Any CPU
		{178A5C2E-9CE7-4C15-801E-C79E8B3FA2AC}.Release|x64.Build.0 = Release|Any CPU
		{178A5C2E-9CE7-4C15-801E-C79E8B3FA2AC}.Release|x86.ActiveCfg = Release|Any CPU
		{178A5C2E-9CE7-4C15-801E-C79E8B3FA2AC}.Release|x86.Build.0 = Release|Any CPU
		{D4DB1638-BC13-4B4A-A8A3-BAAE2E4F9FD6}.Debug|Any CPU.ActiveCfg = Debug|Any CPU
		{D4DB1638-BC13-4B4A-A8A3-BAAE2E4F9FD6}.Debug|Any CPU.Build.0 = Debug|Any CPU
		{D4DB1638-BC13-4B4A-A8A3-BAAE2E4F9FD6}.Debug|x64.ActiveCfg = Debug|Any CPU
		{D4DB1638-BC13-4B4A-A8A3-BAAE2E4F9FD6}.Debug|x64.Build.0 = Debug|Any CPU
		{D4DB1638-BC13-4B4A-A8A3-BAAE2E4F9FD6}.Debug|x86.ActiveCfg = Debug|Any CPU
		{D4DB1638-BC13-4B4A-A8A3-BAAE2E4F9FD6}.Debug|x86.Build.0 = Debug|Any CPU
		{D4DB1638-BC13-4B4A-A8A3-BAAE2E4F9FD6}.Release|Any CPU.ActiveCfg = Release|Any CPU
		{D4DB1638-BC13-4B4A-A8A3-BAAE2E4F9FD6}.Release|Any CPU.Build.0 = Release|Any CPU
		{D4DB1638-BC13-4B4A-A8A3-BAAE2E4F9FD6}.Release|x64.ActiveCfg = Release|Any CPU
		{D4DB1638-BC13-4B4A-A8A3-BAAE2E4F9FD6}.Release|x64.Build.0 = Release|Any CPU
		{D4DB1638-BC13-4B4A-A8A3-BAAE2E4F9FD6}.Release|x86.ActiveCfg = Release|Any CPU
		{D4DB1638-BC13-4B4A-A8A3-BAAE2E4F9FD6}.Release|x86.Build.0 = Release|Any CPU
		{98B68662-202A-4D0B-B52E-D48B6F3E187D}.Debug|Any CPU.ActiveCfg = Debug|Any CPU
		{98B68662-202A-4D0B-B52E-D48B6F3E187D}.Debug|Any CPU.Build.0 = Debug|Any CPU
		{98B68662-202A-4D0B-B52E-D48B6F3E187D}.Debug|x64.ActiveCfg = Debug|Any CPU
		{98B68662-202A-4D0B-B52E-D48B6F3E187D}.Debug|x64.Build.0 = Debug|Any CPU
		{98B68662-202A-4D0B-B52E-D48B6F3E187D}.Debug|x86.ActiveCfg = Debug|Any CPU
		{98B68662-202A-4D0B-B52E-D48B6F3E187D}.Debug|x86.Build.0 = Debug|Any CPU
		{98B68662-202A-4D0B-B52E-D48B6F3E187D}.Release|Any CPU.ActiveCfg = Release|Any CPU
		{98B68662-202A-4D0B-B52E-D48B6F3E187D}.Release|Any CPU.Build.0 = Release|Any CPU
		{98B68662-202A-4D0B-B52E-D48B6F3E187D}.Release|x64.ActiveCfg = Release|Any CPU
		{98B68662-202A-4D0B-B52E-D48B6F3E187D}.Release|x64.Build.0 = Release|Any CPU
		{98B68662-202A-4D0B-B52E-D48B6F3E187D}.Release|x86.ActiveCfg = Release|Any CPU
		{98B68662-202A-4D0B-B52E-D48B6F3E187D}.Release|x86.Build.0 = Release|Any CPU
		{7D9F4A4C-590D-413C-A6ED-314D01BB60D4}.Debug|Any CPU.ActiveCfg = Debug|Any CPU
		{7D9F4A4C-590D-413C-A6ED-314D01BB60D4}.Debug|Any CPU.Build.0 = Debug|Any CPU
		{7D9F4A4C-590D-413C-A6ED-314D01BB60D4}.Debug|x64.ActiveCfg = Debug|Any CPU
		{7D9F4A4C-590D-413C-A6ED-314D01BB60D4}.Debug|x64.Build.0 = Debug|Any CPU
		{7D9F4A4C-590D-413C-A6ED-314D01BB60D4}.Debug|x86.ActiveCfg = Debug|Any CPU
		{7D9F4A4C-590D-413C-A6ED-314D01BB60D4}.Debug|x86.Build.0 = Debug|Any CPU
		{7D9F4A4C-590D-413C-A6ED-314D01BB60D4}.Release|Any CPU.ActiveCfg = Release|Any CPU
		{7D9F4A4C-590D-413C-A6ED-314D01BB60D4}.Release|Any CPU.Build.0 = Release|Any CPU
		{7D9F4A4C-590D-413C-A6ED-314D01BB60D4}.Release|x64.ActiveCfg = Release|Any CPU
		{7D9F4A4C-590D-413C-A6ED-314D01BB60D4}.Release|x64.Build.0 = Release|Any CPU
		{7D9F4A4C-590D-413C-A6ED-314D01BB60D4}.Release|x86.ActiveCfg = Release|Any CPU
		{7D9F4A4C-590D-413C-A6ED-314D01BB60D4}.Release|x86.Build.0 = Release|Any CPU
		{8D425D1B-4A9C-40F2-870C-F81C5F42B003}.Debug|Any CPU.ActiveCfg = Debug|Any CPU
		{8D425D1B-4A9C-40F2-870C-F81C5F42B003}.Debug|Any CPU.Build.0 = Debug|Any CPU
		{8D425D1B-4A9C-40F2-870C-F81C5F42B003}.Debug|x64.ActiveCfg = Debug|Any CPU
		{8D425D1B-4A9C-40F2-870C-F81C5F42B003}.Debug|x64.Build.0 = Debug|Any CPU
		{8D425D1B-4A9C-40F2-870C-F81C5F42B003}.Debug|x86.ActiveCfg = Debug|Any CPU
		{8D425D1B-4A9C-40F2-870C-F81C5F42B003}.Debug|x86.Build.0 = Debug|Any CPU
		{8D425D1B-4A9C-40F2-870C-F81C5F42B003}.Release|Any CPU.ActiveCfg = Release|Any CPU
		{8D425D1B-4A9C-40F2-870C-F81C5F42B003}.Release|Any CPU.Build.0 = Release|Any CPU
		{8D425D1B-4A9C-40F2-870C-F81C5F42B003}.Release|x64.ActiveCfg = Release|Any CPU
		{8D425D1B-4A9C-40F2-870C-F81C5F42B003}.Release|x64.Build.0 = Release|Any CPU
		{8D425D1B-4A9C-40F2-870C-F81C5F42B003}.Release|x86.ActiveCfg = Release|Any CPU
		{8D425D1B-4A9C-40F2-870C-F81C5F42B003}.Release|x86.Build.0 = Release|Any CPU
		{C7F04884-E1A6-46FF-B3AA-4E855D2E8DEC}.Debug|Any CPU.ActiveCfg = Debug|Any CPU
		{C7F04884-E1A6-46FF-B3AA-4E855D2E8DEC}.Debug|Any CPU.Build.0 = Debug|Any CPU
		{C7F04884-E1A6-46FF-B3AA-4E855D2E8DEC}.Debug|x64.ActiveCfg = Debug|Any CPU
		{C7F04884-E1A6-46FF-B3AA-4E855D2E8DEC}.Debug|x64.Build.0 = Debug|Any CPU
		{C7F04884-E1A6-46FF-B3AA-4E855D2E8DEC}.Debug|x86.ActiveCfg = Debug|Any CPU
		{C7F04884-E1A6-46FF-B3AA-4E855D2E8DEC}.Debug|x86.Build.0 = Debug|Any CPU
		{C7F04884-E1A6-46FF-B3AA-4E855D2E8DEC}.Release|Any CPU.ActiveCfg = Release|Any CPU
		{C7F04884-E1A6-46FF-B3AA-4E855D2E8DEC}.Release|Any CPU.Build.0 = Release|Any CPU
		{C7F04884-E1A6-46FF-B3AA-4E855D2E8DEC}.Release|x64.ActiveCfg = Release|Any CPU
		{C7F04884-E1A6-46FF-B3AA-4E855D2E8DEC}.Release|x64.Build.0 = Release|Any CPU
		{C7F04884-E1A6-46FF-B3AA-4E855D2E8DEC}.Release|x86.ActiveCfg = Release|Any CPU
		{C7F04884-E1A6-46FF-B3AA-4E855D2E8DEC}.Release|x86.Build.0 = Release|Any CPU
		{55A6B2DF-27FC-46CC-B5CA-7F99A37B49B0}.Debug|Any CPU.ActiveCfg = Debug|Any CPU
		{55A6B2DF-27FC-46CC-B5CA-7F99A37B49B0}.Debug|Any CPU.Build.0 = Debug|Any CPU
		{55A6B2DF-27FC-46CC-B5CA-7F99A37B49B0}.Debug|x64.ActiveCfg = Debug|Any CPU
		{55A6B2DF-27FC-46CC-B5CA-7F99A37B49B0}.Debug|x64.Build.0 = Debug|Any CPU
		{55A6B2DF-27FC-46CC-B5CA-7F99A37B49B0}.Debug|x86.ActiveCfg = Debug|Any CPU
		{55A6B2DF-27FC-46CC-B5CA-7F99A37B49B0}.Debug|x86.Build.0 = Debug|Any CPU
		{55A6B2DF-27FC-46CC-B5CA-7F99A37B49B0}.Release|Any CPU.ActiveCfg = Release|Any CPU
		{55A6B2DF-27FC-46CC-B5CA-7F99A37B49B0}.Release|Any CPU.Build.0 = Release|Any CPU
		{55A6B2DF-27FC-46CC-B5CA-7F99A37B49B0}.Release|x64.ActiveCfg = Release|Any CPU
		{55A6B2DF-27FC-46CC-B5CA-7F99A37B49B0}.Release|x64.Build.0 = Release|Any CPU
		{55A6B2DF-27FC-46CC-B5CA-7F99A37B49B0}.Release|x86.ActiveCfg = Release|Any CPU
		{55A6B2DF-27FC-46CC-B5CA-7F99A37B49B0}.Release|x86.Build.0 = Release|Any CPU
		{1AEA46A5-1265-4837-B764-4D1C1C472490}.Debug|Any CPU.ActiveCfg = Debug|Any CPU
		{1AEA46A5-1265-4837-B764-4D1C1C472490}.Debug|Any CPU.Build.0 = Debug|Any CPU
		{1AEA46A5-1265-4837-B764-4D1C1C472490}.Debug|x64.ActiveCfg = Debug|Any CPU
		{1AEA46A5-1265-4837-B764-4D1C1C472490}.Debug|x64.Build.0 = Debug|Any CPU
		{1AEA46A5-1265-4837-B764-4D1C1C472490}.Debug|x86.ActiveCfg = Debug|Any CPU
		{1AEA46A5-1265-4837-B764-4D1C1C472490}.Debug|x86.Build.0 = Debug|Any CPU
		{1AEA46A5-1265-4837-B764-4D1C1C472490}.Release|Any CPU.ActiveCfg = Release|Any CPU
		{1AEA46A5-1265-4837-B764-4D1C1C472490}.Release|Any CPU.Build.0 = Release|Any CPU
		{1AEA46A5-1265-4837-B764-4D1C1C472490}.Release|x64.ActiveCfg = Release|Any CPU
		{1AEA46A5-1265-4837-B764-4D1C1C472490}.Release|x64.Build.0 = Release|Any CPU
		{1AEA46A5-1265-4837-B764-4D1C1C472490}.Release|x86.ActiveCfg = Release|Any CPU
		{1AEA46A5-1265-4837-B764-4D1C1C472490}.Release|x86.Build.0 = Release|Any CPU
		{AF6CB82E-4810-49B8-ACB7-1E8EC906A808}.Debug|Any CPU.ActiveCfg = Debug|Any CPU
		{AF6CB82E-4810-49B8-ACB7-1E8EC906A808}.Debug|Any CPU.Build.0 = Debug|Any CPU
		{AF6CB82E-4810-49B8-ACB7-1E8EC906A808}.Debug|x64.ActiveCfg = Debug|Any CPU
		{AF6CB82E-4810-49B8-ACB7-1E8EC906A808}.Debug|x64.Build.0 = Debug|Any CPU
		{AF6CB82E-4810-49B8-ACB7-1E8EC906A808}.Debug|x86.ActiveCfg = Debug|Any CPU
		{AF6CB82E-4810-49B8-ACB7-1E8EC906A808}.Debug|x86.Build.0 = Debug|Any CPU
		{AF6CB82E-4810-49B8-ACB7-1E8EC906A808}.Release|Any CPU.ActiveCfg = Release|Any CPU
		{AF6CB82E-4810-49B8-ACB7-1E8EC906A808}.Release|Any CPU.Build.0 = Release|Any CPU
		{AF6CB82E-4810-49B8-ACB7-1E8EC906A808}.Release|x64.ActiveCfg = Release|Any CPU
		{AF6CB82E-4810-49B8-ACB7-1E8EC906A808}.Release|x64.Build.0 = Release|Any CPU
		{AF6CB82E-4810-49B8-ACB7-1E8EC906A808}.Release|x86.ActiveCfg = Release|Any CPU
		{AF6CB82E-4810-49B8-ACB7-1E8EC906A808}.Release|x86.Build.0 = Release|Any CPU
		{E80624B3-3C93-4C67-A76A-BAA8A5D39669}.Debug|Any CPU.ActiveCfg = Debug|Any CPU
		{E80624B3-3C93-4C67-A76A-BAA8A5D39669}.Debug|Any CPU.Build.0 = Debug|Any CPU
		{E80624B3-3C93-4C67-A76A-BAA8A5D39669}.Debug|x64.ActiveCfg = Debug|Any CPU
		{E80624B3-3C93-4C67-A76A-BAA8A5D39669}.Debug|x64.Build.0 = Debug|Any CPU
		{E80624B3-3C93-4C67-A76A-BAA8A5D39669}.Debug|x86.ActiveCfg = Debug|Any CPU
		{E80624B3-3C93-4C67-A76A-BAA8A5D39669}.Debug|x86.Build.0 = Debug|Any CPU
		{E80624B3-3C93-4C67-A76A-BAA8A5D39669}.Release|Any CPU.ActiveCfg = Release|Any CPU
		{E80624B3-3C93-4C67-A76A-BAA8A5D39669}.Release|Any CPU.Build.0 = Release|Any CPU
		{E80624B3-3C93-4C67-A76A-BAA8A5D39669}.Release|x64.ActiveCfg = Release|Any CPU
		{E80624B3-3C93-4C67-A76A-BAA8A5D39669}.Release|x64.Build.0 = Release|Any CPU
		{E80624B3-3C93-4C67-A76A-BAA8A5D39669}.Release|x86.ActiveCfg = Release|Any CPU
		{E80624B3-3C93-4C67-A76A-BAA8A5D39669}.Release|x86.Build.0 = Release|Any CPU
		{5B376009-C5C5-4D84-9FB1-042BFB1168D3}.Debug|Any CPU.ActiveCfg = Debug|Any CPU
		{5B376009-C5C5-4D84-9FB1-042BFB1168D3}.Debug|Any CPU.Build.0 = Debug|Any CPU
		{5B376009-C5C5-4D84-9FB1-042BFB1168D3}.Debug|x64.ActiveCfg = Debug|Any CPU
		{5B376009-C5C5-4D84-9FB1-042BFB1168D3}.Debug|x64.Build.0 = Debug|Any CPU
		{5B376009-C5C5-4D84-9FB1-042BFB1168D3}.Debug|x86.ActiveCfg = Debug|Any CPU
		{5B376009-C5C5-4D84-9FB1-042BFB1168D3}.Debug|x86.Build.0 = Debug|Any CPU
		{5B376009-C5C5-4D84-9FB1-042BFB1168D3}.Release|Any CPU.ActiveCfg = Release|Any CPU
		{5B376009-C5C5-4D84-9FB1-042BFB1168D3}.Release|Any CPU.Build.0 = Release|Any CPU
		{5B376009-C5C5-4D84-9FB1-042BFB1168D3}.Release|x64.ActiveCfg = Release|Any CPU
		{5B376009-C5C5-4D84-9FB1-042BFB1168D3}.Release|x64.Build.0 = Release|Any CPU
		{5B376009-C5C5-4D84-9FB1-042BFB1168D3}.Release|x86.ActiveCfg = Release|Any CPU
		{5B376009-C5C5-4D84-9FB1-042BFB1168D3}.Release|x86.Build.0 = Release|Any CPU
		{8608CE27-3A66-41F9-8E61-B6C155FE5FE9}.Debug|Any CPU.ActiveCfg = Debug|Any CPU
		{8608CE27-3A66-41F9-8E61-B6C155FE5FE9}.Debug|Any CPU.Build.0 = Debug|Any CPU
		{8608CE27-3A66-41F9-8E61-B6C155FE5FE9}.Debug|x64.ActiveCfg = Debug|Any CPU
		{8608CE27-3A66-41F9-8E61-B6C155FE5FE9}.Debug|x64.Build.0 = Debug|Any CPU
		{8608CE27-3A66-41F9-8E61-B6C155FE5FE9}.Debug|x86.ActiveCfg = Debug|Any CPU
		{8608CE27-3A66-41F9-8E61-B6C155FE5FE9}.Debug|x86.Build.0 = Debug|Any CPU
		{8608CE27-3A66-41F9-8E61-B6C155FE5FE9}.Release|Any CPU.ActiveCfg = Release|Any CPU
		{8608CE27-3A66-41F9-8E61-B6C155FE5FE9}.Release|Any CPU.Build.0 = Release|Any CPU
		{8608CE27-3A66-41F9-8E61-B6C155FE5FE9}.Release|x64.ActiveCfg = Release|Any CPU
		{8608CE27-3A66-41F9-8E61-B6C155FE5FE9}.Release|x64.Build.0 = Release|Any CPU
		{8608CE27-3A66-41F9-8E61-B6C155FE5FE9}.Release|x86.ActiveCfg = Release|Any CPU
		{8608CE27-3A66-41F9-8E61-B6C155FE5FE9}.Release|x86.Build.0 = Release|Any CPU
		{6E2FD234-7909-4F08-AFD6-E05D9AB1B0B0}.Debug|Any CPU.ActiveCfg = Debug|Any CPU
		{6E2FD234-7909-4F08-AFD6-E05D9AB1B0B0}.Debug|Any CPU.Build.0 = Debug|Any CPU
		{6E2FD234-7909-4F08-AFD6-E05D9AB1B0B0}.Debug|x64.ActiveCfg = Debug|Any CPU
		{6E2FD234-7909-4F08-AFD6-E05D9AB1B0B0}.Debug|x64.Build.0 = Debug|Any CPU
		{6E2FD234-7909-4F08-AFD6-E05D9AB1B0B0}.Debug|x86.ActiveCfg = Debug|Any CPU
		{6E2FD234-7909-4F08-AFD6-E05D9AB1B0B0}.Debug|x86.Build.0 = Debug|Any CPU
		{6E2FD234-7909-4F08-AFD6-E05D9AB1B0B0}.Release|Any CPU.ActiveCfg = Release|Any CPU
		{6E2FD234-7909-4F08-AFD6-E05D9AB1B0B0}.Release|Any CPU.Build.0 = Release|Any CPU
		{6E2FD234-7909-4F08-AFD6-E05D9AB1B0B0}.Release|x64.ActiveCfg = Release|Any CPU
		{6E2FD234-7909-4F08-AFD6-E05D9AB1B0B0}.Release|x64.Build.0 = Release|Any CPU
		{6E2FD234-7909-4F08-AFD6-E05D9AB1B0B0}.Release|x86.ActiveCfg = Release|Any CPU
		{6E2FD234-7909-4F08-AFD6-E05D9AB1B0B0}.Release|x86.Build.0 = Release|Any CPU
		{B1099DBE-823A-4A75-A527-6F56208D800F}.Debug|Any CPU.ActiveCfg = Debug|Any CPU
		{B1099DBE-823A-4A75-A527-6F56208D800F}.Debug|Any CPU.Build.0 = Debug|Any CPU
		{B1099DBE-823A-4A75-A527-6F56208D800F}.Debug|x64.ActiveCfg = Debug|Any CPU
		{B1099DBE-823A-4A75-A527-6F56208D800F}.Debug|x64.Build.0 = Debug|Any CPU
		{B1099DBE-823A-4A75-A527-6F56208D800F}.Debug|x86.ActiveCfg = Debug|Any CPU
		{B1099DBE-823A-4A75-A527-6F56208D800F}.Debug|x86.Build.0 = Debug|Any CPU
		{B1099DBE-823A-4A75-A527-6F56208D800F}.Release|Any CPU.ActiveCfg = Release|Any CPU
		{B1099DBE-823A-4A75-A527-6F56208D800F}.Release|Any CPU.Build.0 = Release|Any CPU
		{B1099DBE-823A-4A75-A527-6F56208D800F}.Release|x64.ActiveCfg = Release|Any CPU
		{B1099DBE-823A-4A75-A527-6F56208D800F}.Release|x64.Build.0 = Release|Any CPU
		{B1099DBE-823A-4A75-A527-6F56208D800F}.Release|x86.ActiveCfg = Release|Any CPU
		{B1099DBE-823A-4A75-A527-6F56208D800F}.Release|x86.Build.0 = Release|Any CPU
		{00B94719-2B7E-4AE7-99E2-D50453FCABAA}.Debug|Any CPU.ActiveCfg = Debug|Any CPU
		{00B94719-2B7E-4AE7-99E2-D50453FCABAA}.Debug|Any CPU.Build.0 = Debug|Any CPU
		{00B94719-2B7E-4AE7-99E2-D50453FCABAA}.Debug|x64.ActiveCfg = Debug|Any CPU
		{00B94719-2B7E-4AE7-99E2-D50453FCABAA}.Debug|x64.Build.0 = Debug|Any CPU
		{00B94719-2B7E-4AE7-99E2-D50453FCABAA}.Debug|x86.ActiveCfg = Debug|Any CPU
		{00B94719-2B7E-4AE7-99E2-D50453FCABAA}.Debug|x86.Build.0 = Debug|Any CPU
		{00B94719-2B7E-4AE7-99E2-D50453FCABAA}.Release|Any CPU.ActiveCfg = Release|Any CPU
		{00B94719-2B7E-4AE7-99E2-D50453FCABAA}.Release|Any CPU.Build.0 = Release|Any CPU
		{00B94719-2B7E-4AE7-99E2-D50453FCABAA}.Release|x64.ActiveCfg = Release|Any CPU
		{00B94719-2B7E-4AE7-99E2-D50453FCABAA}.Release|x64.Build.0 = Release|Any CPU
		{00B94719-2B7E-4AE7-99E2-D50453FCABAA}.Release|x86.ActiveCfg = Release|Any CPU
		{00B94719-2B7E-4AE7-99E2-D50453FCABAA}.Release|x86.Build.0 = Release|Any CPU
		{C2D56480-AB4A-4A70-814A-5C9920221648}.Debug|Any CPU.ActiveCfg = Debug|Any CPU
		{C2D56480-AB4A-4A70-814A-5C9920221648}.Debug|Any CPU.Build.0 = Debug|Any CPU
		{C2D56480-AB4A-4A70-814A-5C9920221648}.Debug|x64.ActiveCfg = Debug|Any CPU
		{C2D56480-AB4A-4A70-814A-5C9920221648}.Debug|x64.Build.0 = Debug|Any CPU
		{C2D56480-AB4A-4A70-814A-5C9920221648}.Debug|x86.ActiveCfg = Debug|Any CPU
		{C2D56480-AB4A-4A70-814A-5C9920221648}.Debug|x86.Build.0 = Debug|Any CPU
		{C2D56480-AB4A-4A70-814A-5C9920221648}.Release|Any CPU.ActiveCfg = Release|Any CPU
		{C2D56480-AB4A-4A70-814A-5C9920221648}.Release|Any CPU.Build.0 = Release|Any CPU
		{C2D56480-AB4A-4A70-814A-5C9920221648}.Release|x64.ActiveCfg = Release|Any CPU
		{C2D56480-AB4A-4A70-814A-5C9920221648}.Release|x64.Build.0 = Release|Any CPU
		{C2D56480-AB4A-4A70-814A-5C9920221648}.Release|x86.ActiveCfg = Release|Any CPU
		{C2D56480-AB4A-4A70-814A-5C9920221648}.Release|x86.Build.0 = Release|Any CPU
		{92F25FBF-0BB6-482D-80C2-02FEEC857F3C}.Debug|Any CPU.ActiveCfg = Debug|Any CPU
		{92F25FBF-0BB6-482D-80C2-02FEEC857F3C}.Debug|Any CPU.Build.0 = Debug|Any CPU
		{92F25FBF-0BB6-482D-80C2-02FEEC857F3C}.Debug|x64.ActiveCfg = Debug|Any CPU
		{92F25FBF-0BB6-482D-80C2-02FEEC857F3C}.Debug|x64.Build.0 = Debug|Any CPU
		{92F25FBF-0BB6-482D-80C2-02FEEC857F3C}.Debug|x86.ActiveCfg = Debug|Any CPU
		{92F25FBF-0BB6-482D-80C2-02FEEC857F3C}.Debug|x86.Build.0 = Debug|Any CPU
		{92F25FBF-0BB6-482D-80C2-02FEEC857F3C}.Release|Any CPU.ActiveCfg = Release|Any CPU
		{92F25FBF-0BB6-482D-80C2-02FEEC857F3C}.Release|Any CPU.Build.0 = Release|Any CPU
		{92F25FBF-0BB6-482D-80C2-02FEEC857F3C}.Release|x64.ActiveCfg = Release|Any CPU
		{92F25FBF-0BB6-482D-80C2-02FEEC857F3C}.Release|x64.Build.0 = Release|Any CPU
		{92F25FBF-0BB6-482D-80C2-02FEEC857F3C}.Release|x86.ActiveCfg = Release|Any CPU
		{92F25FBF-0BB6-482D-80C2-02FEEC857F3C}.Release|x86.Build.0 = Release|Any CPU
		{A3A03C3B-E0C8-4AF1-A796-DBA777980531}.Debug|Any CPU.ActiveCfg = Debug|Any CPU
		{A3A03C3B-E0C8-4AF1-A796-DBA777980531}.Debug|Any CPU.Build.0 = Debug|Any CPU
		{A3A03C3B-E0C8-4AF1-A796-DBA777980531}.Debug|x64.ActiveCfg = Debug|Any CPU
		{A3A03C3B-E0C8-4AF1-A796-DBA777980531}.Debug|x64.Build.0 = Debug|Any CPU
		{A3A03C3B-E0C8-4AF1-A796-DBA777980531}.Debug|x86.ActiveCfg = Debug|Any CPU
		{A3A03C3B-E0C8-4AF1-A796-DBA777980531}.Debug|x86.Build.0 = Debug|Any CPU
		{A3A03C3B-E0C8-4AF1-A796-DBA777980531}.Release|Any CPU.ActiveCfg = Release|Any CPU
		{A3A03C3B-E0C8-4AF1-A796-DBA777980531}.Release|Any CPU.Build.0 = Release|Any CPU
		{A3A03C3B-E0C8-4AF1-A796-DBA777980531}.Release|x64.ActiveCfg = Release|Any CPU
		{A3A03C3B-E0C8-4AF1-A796-DBA777980531}.Release|x64.Build.0 = Release|Any CPU
		{A3A03C3B-E0C8-4AF1-A796-DBA777980531}.Release|x86.ActiveCfg = Release|Any CPU
		{A3A03C3B-E0C8-4AF1-A796-DBA777980531}.Release|x86.Build.0 = Release|Any CPU
		{BBF6DF1B-84B5-4F0E-BFB4-3B62A7F5987E}.Debug|Any CPU.ActiveCfg = Debug|Any CPU
		{BBF6DF1B-84B5-4F0E-BFB4-3B62A7F5987E}.Debug|Any CPU.Build.0 = Debug|Any CPU
		{BBF6DF1B-84B5-4F0E-BFB4-3B62A7F5987E}.Debug|x64.ActiveCfg = Debug|Any CPU
		{BBF6DF1B-84B5-4F0E-BFB4-3B62A7F5987E}.Debug|x64.Build.0 = Debug|Any CPU
		{BBF6DF1B-84B5-4F0E-BFB4-3B62A7F5987E}.Debug|x86.ActiveCfg = Debug|Any CPU
		{BBF6DF1B-84B5-4F0E-BFB4-3B62A7F5987E}.Debug|x86.Build.0 = Debug|Any CPU
		{BBF6DF1B-84B5-4F0E-BFB4-3B62A7F5987E}.Release|Any CPU.ActiveCfg = Release|Any CPU
		{BBF6DF1B-84B5-4F0E-BFB4-3B62A7F5987E}.Release|Any CPU.Build.0 = Release|Any CPU
		{BBF6DF1B-84B5-4F0E-BFB4-3B62A7F5987E}.Release|x64.ActiveCfg = Release|Any CPU
		{BBF6DF1B-84B5-4F0E-BFB4-3B62A7F5987E}.Release|x64.Build.0 = Release|Any CPU
		{BBF6DF1B-84B5-4F0E-BFB4-3B62A7F5987E}.Release|x86.ActiveCfg = Release|Any CPU
		{BBF6DF1B-84B5-4F0E-BFB4-3B62A7F5987E}.Release|x86.Build.0 = Release|Any CPU
		{06E7E047-0F28-4ACC-98C8-0D02F4237EF3}.Debug|Any CPU.ActiveCfg = Debug|Any CPU
		{06E7E047-0F28-4ACC-98C8-0D02F4237EF3}.Debug|Any CPU.Build.0 = Debug|Any CPU
		{06E7E047-0F28-4ACC-98C8-0D02F4237EF3}.Debug|x64.ActiveCfg = Debug|Any CPU
		{06E7E047-0F28-4ACC-98C8-0D02F4237EF3}.Debug|x64.Build.0 = Debug|Any CPU
		{06E7E047-0F28-4ACC-98C8-0D02F4237EF3}.Debug|x86.ActiveCfg = Debug|Any CPU
		{06E7E047-0F28-4ACC-98C8-0D02F4237EF3}.Debug|x86.Build.0 = Debug|Any CPU
		{06E7E047-0F28-4ACC-98C8-0D02F4237EF3}.Release|Any CPU.ActiveCfg = Release|Any CPU
		{06E7E047-0F28-4ACC-98C8-0D02F4237EF3}.Release|Any CPU.Build.0 = Release|Any CPU
		{06E7E047-0F28-4ACC-98C8-0D02F4237EF3}.Release|x64.ActiveCfg = Release|Any CPU
		{06E7E047-0F28-4ACC-98C8-0D02F4237EF3}.Release|x64.Build.0 = Release|Any CPU
		{06E7E047-0F28-4ACC-98C8-0D02F4237EF3}.Release|x86.ActiveCfg = Release|Any CPU
		{06E7E047-0F28-4ACC-98C8-0D02F4237EF3}.Release|x86.Build.0 = Release|Any CPU
	EndGlobalSection
	GlobalSection(SolutionProperties) = preSolution
		HideSolutionNode = FALSE
	EndGlobalSection
	GlobalSection(NestedProjects) = preSolution
		{178A5C2E-9CE7-4C15-801E-C79E8B3FA2AC} = {DC7C3D10-CD14-4FB6-A510-7BD702BFFD1E}
		{D4DB1638-BC13-4B4A-A8A3-BAAE2E4F9FD6} = {DC7C3D10-CD14-4FB6-A510-7BD702BFFD1E}
		{98B68662-202A-4D0B-B52E-D48B6F3E187D} = {DC7C3D10-CD14-4FB6-A510-7BD702BFFD1E}
		{7D9F4A4C-590D-413C-A6ED-314D01BB60D4} = {DC7C3D10-CD14-4FB6-A510-7BD702BFFD1E}
		{8D425D1B-4A9C-40F2-870C-F81C5F42B003} = {DC7C3D10-CD14-4FB6-A510-7BD702BFFD1E}
		{C7F04884-E1A6-46FF-B3AA-4E855D2E8DEC} = {DC7C3D10-CD14-4FB6-A510-7BD702BFFD1E}
		{55A6B2DF-27FC-46CC-B5CA-7F99A37B49B0} = {DC7C3D10-CD14-4FB6-A510-7BD702BFFD1E}
		{1AEA46A5-1265-4837-B764-4D1C1C472490} = {DC7C3D10-CD14-4FB6-A510-7BD702BFFD1E}
		{AF6CB82E-4810-49B8-ACB7-1E8EC906A808} = {34139B51-CB65-4768-91E6-8FBF5E3C4BDB}
		{E80624B3-3C93-4C67-A76A-BAA8A5D39669} = {34139B51-CB65-4768-91E6-8FBF5E3C4BDB}
		{5B376009-C5C5-4D84-9FB1-042BFB1168D3} = {DC7C3D10-CD14-4FB6-A510-7BD702BFFD1E}
		{8608CE27-3A66-41F9-8E61-B6C155FE5FE9} = {07C2787E-EAC7-C090-1BA3-A61EC2A24D84}
		{6E2FD234-7909-4F08-AFD6-E05D9AB1B0B0} = {34139B51-CB65-4768-91E6-8FBF5E3C4BDB}
		{B1099DBE-823A-4A75-A527-6F56208D800F} = {34139B51-CB65-4768-91E6-8FBF5E3C4BDB}
		{00B94719-2B7E-4AE7-99E2-D50453FCABAA} = {34139B51-CB65-4768-91E6-8FBF5E3C4BDB}
		{C2D56480-AB4A-4A70-814A-5C9920221648} = {34139B51-CB65-4768-91E6-8FBF5E3C4BDB}
		{92F25FBF-0BB6-482D-80C2-02FEEC857F3C} = {DC7C3D10-CD14-4FB6-A510-7BD702BFFD1E}
		{A3A03C3B-E0C8-4AF1-A796-DBA777980531} = {34139B51-CB65-4768-91E6-8FBF5E3C4BDB}
		{BBF6DF1B-84B5-4F0E-BFB4-3B62A7F5987E} = {34139B51-CB65-4768-91E6-8FBF5E3C4BDB}
		{06E7E047-0F28-4ACC-98C8-0D02F4237EF3} = {07C2787E-EAC7-C090-1BA3-A61EC2A24D84}
	EndGlobalSection
EndGlobal
